
Microsoft Visual Studio Solution File, Format Version 12.00
# Visual Studio Version 17
VisualStudioVersion = 17.1.32328.378
MinimumVisualStudioVersion = 10.0.40219.1
Project("{FAE04EC0-301F-11D3-BF4B-00C04F79EFBC}") = "SocketCliente", "SocketCliente\SocketCliente.csproj", "{9EA8ED29-BC28-4D82-A13F-9BE221DDC74E}"
EndProject
Global
	GlobalSection(SolutionConfigurationPlatforms) = preSolution
		Debug|Any CPU = Debug|Any CPU
		Release|Any CPU = Release|Any CPU
	EndGlobalSection
	GlobalSection(ProjectConfigurationPlatforms) = postSolution
		{9EA8ED29-BC28-4D82-A13F-9BE221DDC74E}.Debug|Any CPU.ActiveCfg = Debug|Any CPU
		{9EA8ED29-BC28-4D82-A13F-9BE221DDC74E}.Debug|Any CPU.Build.0 = Debug|Any CPU
		{9EA8ED29-BC28-4D82-A13F-9BE221DDC74E}.Release|Any CPU.ActiveCfg = Release|Any CPU
		{9EA8ED29-BC28-4D82-A13F-9BE221DDC74E}.Release|Any CPU.Build.0 = Release|Any CPU
	EndGlobalSection
	GlobalSection(SolutionProperties) = preSolution
		HideSolutionNode = FALSE
	EndGlobalSection
	GlobalSection(ExtensibilityGlobals) = postSolution
		SolutionGuid = {E9AFD116-3772-4FD7-AB03-FCC7B2A1E09B}
	EndGlobalSection
EndGlobal
